// !$*UTF8*$!
{
	archiveVersion = 1;
	classes = {
	};
	objectVersion = 51;
	objects = {

/* Begin PBXBuildFile section */
		C802A0B622D3210C00FF1741 /* AppDelegate.swift in Sources */ = {isa = PBXBuildFile; fileRef = C802A0B522D3210C00FF1741 /* AppDelegate.swift */; };
		C802A0B822D3210C00FF1741 /* ViewController.swift in Sources */ = {isa = PBXBuildFile; fileRef = C802A0B722D3210C00FF1741 /* ViewController.swift */; };
		C802A0BB22D3210C00FF1741 /* Main.storyboard in Resources */ = {isa = PBXBuildFile; fileRef = C802A0B922D3210C00FF1741 /* Main.storyboard */; };
		C802A0BD22D3210D00FF1741 /* Assets.xcassets in Resources */ = {isa = PBXBuildFile; fileRef = C802A0BC22D3210D00FF1741 /* Assets.xcassets */; };
		C802A0C022D3210D00FF1741 /* LaunchScreen.storyboard in Resources */ = {isa = PBXBuildFile; fileRef = C802A0BE22D3210D00FF1741 /* LaunchScreen.storyboard */; };
		C821F17822D47E3700945161 /* SignUpVC.swift in Sources */ = {isa = PBXBuildFile; fileRef = C821F17722D47E3700945161 /* SignUpVC.swift */; };
		C821F17A22D4819C00945161 /* OTPVC.swift in Sources */ = {isa = PBXBuildFile; fileRef = C821F17922D4819C00945161 /* OTPVC.swift */; };
		C821F17C22D48EB400945161 /* GoogleService-Info.plist in Resources */ = {isa = PBXBuildFile; fileRef = C821F17B22D48EB400945161 /* GoogleService-Info.plist */; };
		C8F9589B22D43E3400BB9E9B /* AddEntryVC.swift in Sources */ = {isa = PBXBuildFile; fileRef = C8F9589A22D43E3400BB9E9B /* AddEntryVC.swift */; };
		C8F9589D22D44D2D00BB9E9B /* IncomeVC.swift in Sources */ = {isa = PBXBuildFile; fileRef = C8F9589C22D44D2D00BB9E9B /* IncomeVC.swift */; };
		C8F9589F22D44D4500BB9E9B /* ExpenseVC.swift in Sources */ = {isa = PBXBuildFile; fileRef = C8F9589E22D44D4500BB9E9B /* ExpenseVC.swift */; };
		C8F958A122D4621F00BB9E9B /* CategoryCell.swift in Sources */ = {isa = PBXBuildFile; fileRef = C8F958A022D4621F00BB9E9B /* CategoryCell.swift */; };
		C8FA66BF22D5A03D007C32A9 /* CardCell.swift in Sources */ = {isa = PBXBuildFile; fileRef = C8FA66BE22D5A03D007C32A9 /* CardCell.swift */; };
		C8FA66C122D5B33A007C32A9 /* Card.swift in Sources */ = {isa = PBXBuildFile; fileRef = C8FA66C022D5B33A007C32A9 /* Card.swift */; };
		C8FB8B7322D3534E00A90219 /* SendMoneyVC.swift in Sources */ = {isa = PBXBuildFile; fileRef = C8FB8B7222D3534E00A90219 /* SendMoneyVC.swift */; };
		C8FB8B7622D35C3600A90219 /* Contact.swift in Sources */ = {isa = PBXBuildFile; fileRef = C8FB8B7522D35C3600A90219 /* Contact.swift */; };
		C8FB8B7822D3640D00A90219 /* ContactCell.swift in Sources */ = {isa = PBXBuildFile; fileRef = C8FB8B7722D3640D00A90219 /* ContactCell.swift */; };
		C8FB8B7D22D36E2F00A90219 /* ChatVC.swift in Sources */ = {isa = PBXBuildFile; fileRef = C8FB8B7C22D36E2F00A90219 /* ChatVC.swift */; };
		C8FB8B8022D3751000A90219 /* OutGoingCell.swift in Sources */ = {isa = PBXBuildFile; fileRef = C8FB8B7E22D3751000A90219 /* OutGoingCell.swift */; };
		C8FB8B8122D3751000A90219 /* OutGoingCell.xib in Resources */ = {isa = PBXBuildFile; fileRef = C8FB8B7F22D3751000A90219 /* OutGoingCell.xib */; };
		C8FB8B8422D3754200A90219 /* InComingCell.swift in Sources */ = {isa = PBXBuildFile; fileRef = C8FB8B8222D3754200A90219 /* InComingCell.swift */; };
		C8FB8B8522D3754200A90219 /* InComingCell.xib in Resources */ = {isa = PBXBuildFile; fileRef = C8FB8B8322D3754200A90219 /* InComingCell.xib */; };
		C8FB8B8722D37AFE00A90219 /* ReiceveMoneyVC.swift in Sources */ = {isa = PBXBuildFile; fileRef = C8FB8B8622D37AFE00A90219 /* ReiceveMoneyVC.swift */; };
		C8FB8B8922D37B3500A90219 /* ManageMoneyVC.swift in Sources */ = {isa = PBXBuildFile; fileRef = C8FB8B8822D37B3500A90219 /* ManageMoneyVC.swift */; };
		D33A2641A7C79B5EE027E470 /* Pods_YayPay.framework in Frameworks */ = {isa = PBXBuildFile; fileRef = B03148839735B8A0F4767E9A /* Pods_YayPay.framework */; };
/* End PBXBuildFile section */

/* Begin PBXFileReference section */
		5014A67B8E71C12792E12108 /* Pods-YayPay.release.xcconfig */ = {isa = PBXFileReference; includeInIndex = 1; lastKnownFileType = text.xcconfig; name = "Pods-YayPay.release.xcconfig"; path = "Target Support Files/Pods-YayPay/Pods-YayPay.release.xcconfig"; sourceTree = "<group>"; };
		98C08D9BECBCC63BBF5F04C5 /* Pods-YayPay.debug.xcconfig */ = {isa = PBXFileReference; includeInIndex = 1; lastKnownFileType = text.xcconfig; name = "Pods-YayPay.debug.xcconfig"; path = "Target Support Files/Pods-YayPay/Pods-YayPay.debug.xcconfig"; sourceTree = "<group>"; };
		B03148839735B8A0F4767E9A /* Pods_YayPay.framework */ = {isa = PBXFileReference; explicitFileType = wrapper.framework; includeInIndex = 0; path = Pods_YayPay.framework; sourceTree = BUILT_PRODUCTS_DIR; };
		C802A0B222D3210C00FF1741 /* YayPay.app */ = {isa = PBXFileReference; explicitFileType = wrapper.application; includeInIndex = 0; path = YayPay.app; sourceTree = BUILT_PRODUCTS_DIR; };
		C802A0B522D3210C00FF1741 /* AppDelegate.swift */ = {isa = PBXFileReference; lastKnownFileType = sourcecode.swift; path = AppDelegate.swift; sourceTree = "<group>"; };
		C802A0B722D3210C00FF1741 /* ViewController.swift */ = {isa = PBXFileReference; lastKnownFileType = sourcecode.swift; path = ViewController.swift; sourceTree = "<group>"; };
		C802A0BA22D3210C00FF1741 /* Base */ = {isa = PBXFileReference; lastKnownFileType = file.storyboard; name = Base; path = Base.lproj/Main.storyboard; sourceTree = "<group>"; };
		C802A0BC22D3210D00FF1741 /* Assets.xcassets */ = {isa = PBXFileReference; lastKnownFileType = folder.assetcatalog; path = Assets.xcassets; sourceTree = "<group>"; };
		C802A0BF22D3210D00FF1741 /* Base */ = {isa = PBXFileReference; lastKnownFileType = file.storyboard; name = Base; path = Base.lproj/LaunchScreen.storyboard; sourceTree = "<group>"; };
		C802A0C122D3210D00FF1741 /* Info.plist */ = {isa = PBXFileReference; lastKnownFileType = text.plist.xml; path = Info.plist; sourceTree = "<group>"; };
		C821F17722D47E3700945161 /* SignUpVC.swift */ = {isa = PBXFileReference; lastKnownFileType = sourcecode.swift; path = SignUpVC.swift; sourceTree = "<group>"; };
		C821F17922D4819C00945161 /* OTPVC.swift */ = {isa = PBXFileReference; lastKnownFileType = sourcecode.swift; path = OTPVC.swift; sourceTree = "<group>"; };
		C821F17B22D48EB400945161 /* GoogleService-Info.plist */ = {isa = PBXFileReference; fileEncoding = 4; lastKnownFileType = text.plist.xml; path = "GoogleService-Info.plist"; sourceTree = "<group>"; };
		C8F9589A22D43E3400BB9E9B /* AddEntryVC.swift */ = {isa = PBXFileReference; lastKnownFileType = sourcecode.swift; path = AddEntryVC.swift; sourceTree = "<group>"; };
		C8F9589C22D44D2D00BB9E9B /* IncomeVC.swift */ = {isa = PBXFileReference; lastKnownFileType = sourcecode.swift; path = IncomeVC.swift; sourceTree = "<group>"; };
		C8F9589E22D44D4500BB9E9B /* ExpenseVC.swift */ = {isa = PBXFileReference; lastKnownFileType = sourcecode.swift; path = ExpenseVC.swift; sourceTree = "<group>"; };
		C8F958A022D4621F00BB9E9B /* CategoryCell.swift */ = {isa = PBXFileReference; lastKnownFileType = sourcecode.swift; path = CategoryCell.swift; sourceTree = "<group>"; };
		C8FA66BE22D5A03D007C32A9 /* CardCell.swift */ = {isa = PBXFileReference; lastKnownFileType = sourcecode.swift; path = CardCell.swift; sourceTree = "<group>"; };
		C8FA66C022D5B33A007C32A9 /* Card.swift */ = {isa = PBXFileReference; lastKnownFileType = sourcecode.swift; path = Card.swift; sourceTree = "<group>"; };
		C8FB8B7222D3534E00A90219 /* SendMoneyVC.swift */ = {isa = PBXFileReference; lastKnownFileType = sourcecode.swift; path = SendMoneyVC.swift; sourceTree = "<group>"; };
		C8FB8B7522D35C3600A90219 /* Contact.swift */ = {isa = PBXFileReference; lastKnownFileType = sourcecode.swift; path = Contact.swift; sourceTree = "<group>"; };
		C8FB8B7722D3640D00A90219 /* ContactCell.swift */ = {isa = PBXFileReference; lastKnownFileType = sourcecode.swift; path = ContactCell.swift; sourceTree = "<group>"; };
		C8FB8B7C22D36E2F00A90219 /* ChatVC.swift */ = {isa = PBXFileReference; lastKnownFileType = sourcecode.swift; path = ChatVC.swift; sourceTree = "<group>"; };
		C8FB8B7E22D3751000A90219 /* OutGoingCell.swift */ = {isa = PBXFileReference; lastKnownFileType = sourcecode.swift; path = OutGoingCell.swift; sourceTree = "<group>"; };
		C8FB8B7F22D3751000A90219 /* OutGoingCell.xib */ = {isa = PBXFileReference; lastKnownFileType = file.xib; path = OutGoingCell.xib; sourceTree = "<group>"; };
		C8FB8B8222D3754200A90219 /* InComingCell.swift */ = {isa = PBXFileReference; lastKnownFileType = sourcecode.swift; path = InComingCell.swift; sourceTree = "<group>"; };
		C8FB8B8322D3754200A90219 /* InComingCell.xib */ = {isa = PBXFileReference; lastKnownFileType = file.xib; path = InComingCell.xib; sourceTree = "<group>"; };
		C8FB8B8622D37AFE00A90219 /* ReiceveMoneyVC.swift */ = {isa = PBXFileReference; lastKnownFileType = sourcecode.swift; path = ReiceveMoneyVC.swift; sourceTree = "<group>"; };
		C8FB8B8822D37B3500A90219 /* ManageMoneyVC.swift */ = {isa = PBXFileReference; lastKnownFileType = sourcecode.swift; path = ManageMoneyVC.swift; sourceTree = "<group>"; };
/* End PBXFileReference section */

/* Begin PBXFrameworksBuildPhase section */
		C802A0AF22D3210C00FF1741 /* Frameworks */ = {
			isa = PBXFrameworksBuildPhase;
			buildActionMask = 2147483647;
			files = (
				D33A2641A7C79B5EE027E470 /* Pods_YayPay.framework in Frameworks */,
			);
			runOnlyForDeploymentPostprocessing = 0;
		};
/* End PBXFrameworksBuildPhase section */

/* Begin PBXGroup section */
		C802A0A922D3210C00FF1741 = {
			isa = PBXGroup;
			children = (
				C802A0B422D3210C00FF1741 /* YayPay */,
				C802A0B322D3210C00FF1741 /* Products */,
				CAF7055083B4B336A280E1BD /* Pods */,
				CAF9B8F94881F9CF07C04A45 /* Frameworks */,
			);
			sourceTree = "<group>";
		};
		C802A0B322D3210C00FF1741 /* Products */ = {
			isa = PBXGroup;
			children = (
				C802A0B222D3210C00FF1741 /* YayPay.app */,
			);
			name = Products;
			sourceTree = "<group>";
		};
		C802A0B422D3210C00FF1741 /* YayPay */ = {
			isa = PBXGroup;
			children = (
				C8FB8B7A22D3658200A90219 /* View */,
				C8FB8B7922D3656F00A90219 /* Controller */,
				C8FB8B7422D35C0E00A90219 /* Model */,
				C802A0B522D3210C00FF1741 /* AppDelegate.swift */,
				C802A0BE22D3210D00FF1741 /* LaunchScreen.storyboard */,
				C802A0C122D3210D00FF1741 /* Info.plist */,
			);
			path = YayPay;
			sourceTree = "<group>";
		};
		C8FB8B7422D35C0E00A90219 /* Model */ = {
			isa = PBXGroup;
			children = (
				C8FB8B7522D35C3600A90219 /* Contact.swift */,
				C8FA66C022D5B33A007C32A9 /* Card.swift */,
			);
			path = Model;
			sourceTree = "<group>";
		};
		C8FB8B7922D3656F00A90219 /* Controller */ = {
			isa = PBXGroup;
			children = (
				C802A0B722D3210C00FF1741 /* ViewController.swift */,
				C8FB8B7222D3534E00A90219 /* SendMoneyVC.swift */,
				C8FB8B7C22D36E2F00A90219 /* ChatVC.swift */,
				C8FB8B8622D37AFE00A90219 /* ReiceveMoneyVC.swift */,
				C8FB8B8822D37B3500A90219 /* ManageMoneyVC.swift */,
				C8F9589A22D43E3400BB9E9B /* AddEntryVC.swift */,
				C8F9589C22D44D2D00BB9E9B /* IncomeVC.swift */,
				C8F9589E22D44D4500BB9E9B /* ExpenseVC.swift */,
				C821F17722D47E3700945161 /* SignUpVC.swift */,
				C821F17922D4819C00945161 /* OTPVC.swift */,
				C821F17B22D48EB400945161 /* GoogleService-Info.plist */,
			);
			path = Controller;
			sourceTree = "<group>";
		};
		C8FB8B7A22D3658200A90219 /* View */ = {
			isa = PBXGroup;
			children = (
				C802A0BC22D3210D00FF1741 /* Assets.xcassets */,
				C802A0B922D3210C00FF1741 /* Main.storyboard */,
				C8FB8B7B22D3658900A90219 /* cell */,
			);
			path = View;
			sourceTree = "<group>";
		};
		C8FB8B7B22D3658900A90219 /* cell */ = {
			isa = PBXGroup;
			children = (
				C8FB8B8222D3754200A90219 /* InComingCell.swift */,
				C8FB8B8322D3754200A90219 /* InComingCell.xib */,
				C8FB8B7E22D3751000A90219 /* OutGoingCell.swift */,
				C8FB8B7F22D3751000A90219 /* OutGoingCell.xib */,
				C8FB8B7722D3640D00A90219 /* ContactCell.swift */,
				C8F958A022D4621F00BB9E9B /* CategoryCell.swift */,
				C8FA66BE22D5A03D007C32A9 /* CardCell.swift */,
			);
			path = cell;
			sourceTree = "<group>";
		};
		CAF7055083B4B336A280E1BD /* Pods */ = {
			isa = PBXGroup;
			children = (
				98C08D9BECBCC63BBF5F04C5 /* Pods-YayPay.debug.xcconfig */,
				5014A67B8E71C12792E12108 /* Pods-YayPay.release.xcconfig */,
			);
			path = Pods;
			sourceTree = "<group>";
		};
		CAF9B8F94881F9CF07C04A45 /* Frameworks */ = {
			isa = PBXGroup;
			children = (
				B03148839735B8A0F4767E9A /* Pods_YayPay.framework */,
			);
			name = Frameworks;
			sourceTree = "<group>";
		};
/* End PBXGroup section */

/* Begin PBXNativeTarget section */
		C802A0B122D3210C00FF1741 /* YayPay */ = {
			isa = PBXNativeTarget;
			buildConfigurationList = C802A0C422D3210D00FF1741 /* Build configuration list for PBXNativeTarget "YayPay" */;
			buildPhases = (
				B089BFDAD1BD1E8D6764E232 /* [CP] Check Pods Manifest.lock */,
				C802A0AE22D3210C00FF1741 /* Sources */,
				C802A0AF22D3210C00FF1741 /* Frameworks */,
				C802A0B022D3210C00FF1741 /* Resources */,
				0EA49B8C923701B38B117A0A /* [CP] Embed Pods Frameworks */,
			);
			buildRules = (
			);
			dependencies = (
			);
			name = YayPay;
			productName = YayPay;
			productReference = C802A0B222D3210C00FF1741 /* YayPay.app */;
			productType = "com.apple.product-type.application";
		};
/* End PBXNativeTarget section */

/* Begin PBXProject section */
		C802A0AA22D3210C00FF1741 /* Project object */ = {
			isa = PBXProject;
			attributes = {
				LastSwiftUpdateCheck = 1010;
				LastUpgradeCheck = 1010;
				ORGANIZATIONNAME = " Kishan Vekariya";
				TargetAttributes = {
					C802A0B122D3210C00FF1741 = {
						CreatedOnToolsVersion = 10.1;
						SystemCapabilities = {
							com.apple.Push = {
								enabled = 0;
							};
						};
					};
				};
			};
			buildConfigurationList = C802A0AD22D3210C00FF1741 /* Build configuration list for PBXProject "YayPay" */;
			compatibilityVersion = "Xcode 9.3";
			developmentRegion = en;
			hasScannedForEncodings = 0;
			knownRegions = (
				en,
				Base,
			);
			mainGroup = C802A0A922D3210C00FF1741;
			productRefGroup = C802A0B322D3210C00FF1741 /* Products */;
			projectDirPath = "";
			projectRoot = "";
			targets = (
				C802A0B122D3210C00FF1741 /* YayPay */,
			);
		};
/* End PBXProject section */

/* Begin PBXResourcesBuildPhase section */
		C802A0B022D3210C00FF1741 /* Resources */ = {
			isa = PBXResourcesBuildPhase;
			buildActionMask = 2147483647;
			files = (
				C802A0C022D3210D00FF1741 /* LaunchScreen.storyboard in Resources */,
				C8FB8B8122D3751000A90219 /* OutGoingCell.xib in Resources */,
				C8FB8B8522D3754200A90219 /* InComingCell.xib in Resources */,
				C802A0BD22D3210D00FF1741 /* Assets.xcassets in Resources */,
				C802A0BB22D3210C00FF1741 /* Main.storyboard in Resources */,
				C821F17C22D48EB400945161 /* GoogleService-Info.plist in Resources */,
			);
			runOnlyForDeploymentPostprocessing = 0;
		};
/* End PBXResourcesBuildPhase section */

/* Begin PBXShellScriptBuildPhase section */
		0EA49B8C923701B38B117A0A /* [CP] Embed Pods Frameworks */ = {
			isa = PBXShellScriptBuildPhase;
			buildActionMask = 2147483647;
			files = (
			);
			inputFileListPaths = (
				"${PODS_ROOT}/Target Support Files/Pods-YayPay/Pods-YayPay-frameworks-${CONFIGURATION}-input-files.xcfilelist",
			);
			name = "[CP] Embed Pods Frameworks";
			outputFileListPaths = (
				"${PODS_ROOT}/Target Support Files/Pods-YayPay/Pods-YayPay-frameworks-${CONFIGURATION}-output-files.xcfilelist",
			);
			runOnlyForDeploymentPostprocessing = 0;
			shellPath = /bin/sh;
			shellScript = "\"${PODS_ROOT}/Target Support Files/Pods-YayPay/Pods-YayPay-frameworks.sh\"\n";
			showEnvVarsInLog = 0;
		};
		B089BFDAD1BD1E8D6764E232 /* [CP] Check Pods Manifest.lock */ = {
			isa = PBXShellScriptBuildPhase;
			buildActionMask = 2147483647;
			files = (
			);
			inputFileListPaths = (
			);
			inputPaths = (
				"${PODS_PODFILE_DIR_PATH}/Podfile.lock",
				"${PODS_ROOT}/Manifest.lock",
			);
			name = "[CP] Check Pods Manifest.lock";
			outputFileListPaths = (
			);
			outputPaths = (
				"$(DERIVED_FILE_DIR)/Pods-YayPay-checkManifestLockResult.txt",
			);
			runOnlyForDeploymentPostprocessing = 0;
			shellPath = /bin/sh;
			shellScript = "diff \"${PODS_PODFILE_DIR_PATH}/Podfile.lock\" \"${PODS_ROOT}/Manifest.lock\" > /dev/null\nif [ $? != 0 ] ; then\n    # print error to STDERR\n    echo \"error: The sandbox is not in sync with the Podfile.lock. Run 'pod install' or update your CocoaPods installation.\" >&2\n    exit 1\nfi\n# This output is used by Xcode 'outputs' to avoid re-running this script phase.\necho \"SUCCESS\" > \"${SCRIPT_OUTPUT_FILE_0}\"\n";
			showEnvVarsInLog = 0;
		};
/* End PBXShellScriptBuildPhase section */

/* Begin PBXSourcesBuildPhase section */
		C802A0AE22D3210C00FF1741 /* Sources */ = {
			isa = PBXSourcesBuildPhase;
			buildActionMask = 2147483647;
			files = (
				C8FB8B7D22D36E2F00A90219 /* ChatVC.swift in Sources */,
				C8FA66C122D5B33A007C32A9 /* Card.swift in Sources */,
				C8F9589F22D44D4500BB9E9B /* ExpenseVC.swift in Sources */,
				C821F17A22D4819C00945161 /* OTPVC.swift in Sources */,
				C8F9589D22D44D2D00BB9E9B /* IncomeVC.swift in Sources */,
				C8F958A122D4621F00BB9E9B /* CategoryCell.swift in Sources */,
				C8FB8B8422D3754200A90219 /* InComingCell.swift in Sources */,
				C8FA66BF22D5A03D007C32A9 /* CardCell.swift in Sources */,
				C8FB8B8922D37B3500A90219 /* ManageMoneyVC.swift in Sources */,
				C8FB8B8022D3751000A90219 /* OutGoingCell.swift in Sources */,
				C8FB8B8722D37AFE00A90219 /* ReiceveMoneyVC.swift in Sources */,
				C8FB8B7822D3640D00A90219 /* ContactCell.swift in Sources */,
				C8FB8B7622D35C3600A90219 /* Contact.swift in Sources */,
				C802A0B822D3210C00FF1741 /* ViewController.swift in Sources */,
				C8FB8B7322D3534E00A90219 /* SendMoneyVC.swift in Sources */,
				C8F9589B22D43E3400BB9E9B /* AddEntryVC.swift in Sources */,
				C821F17822D47E3700945161 /* SignUpVC.swift in Sources */,
				C802A0B622D3210C00FF1741 /* AppDelegate.swift in Sources */,
			);
			runOnlyForDeploymentPostprocessing = 0;
		};
/* End PBXSourcesBuildPhase section */

/* Begin PBXVariantGroup section */
		C802A0B922D3210C00FF1741 /* Main.storyboard */ = {
			isa = PBXVariantGroup;
			children = (
				C802A0BA22D3210C00FF1741 /* Base */,
			);
			name = Main.storyboard;
			sourceTree = "<group>";
		};
		C802A0BE22D3210D00FF1741 /* LaunchScreen.storyboard */ = {
			isa = PBXVariantGroup;
			children = (
				C802A0BF22D3210D00FF1741 /* Base */,
			);
			name = LaunchScreen.storyboard;
			sourceTree = "<group>";
		};
/* End PBXVariantGroup section */

/* Begin XCBuildConfiguration section */
		C802A0C222D3210D00FF1741 /* Debug */ = {
			isa = XCBuildConfiguration;
			buildSettings = {
				ALWAYS_SEARCH_USER_PATHS = NO;
				CLANG_ANALYZER_NONNULL = YES;
				CLANG_ANALYZER_NUMBER_OBJECT_CONVERSION = YES_AGGRESSIVE;
				CLANG_CXX_LANGUAGE_STANDARD = "gnu++14";
				CLANG_CXX_LIBRARY = "libc++";
				CLANG_ENABLE_MODULES = YES;
				CLANG_ENABLE_OBJC_ARC = YES;
				CLANG_ENABLE_OBJC_WEAK = YES;
				CLANG_WARN_BLOCK_CAPTURE_AUTORELEASING = YES;
				CLANG_WARN_BOOL_CONVERSION = YES;
				CLANG_WARN_COMMA = YES;
				CLANG_WARN_CONSTANT_CONVERSION = YES;
				CLANG_WARN_DEPRECATED_OBJC_IMPLEMENTATIONS = YES;
				CLANG_WARN_DIRECT_OBJC_ISA_USAGE = YES_ERROR;
				CLANG_WARN_DOCUMENTATION_COMMENTS = YES;
				CLANG_WARN_EMPTY_BODY = YES;
				CLANG_WARN_ENUM_CONVERSION = YES;
				CLANG_WARN_INFINITE_RECURSION = YES;
				CLANG_WARN_INT_CONVERSION = YES;
				CLANG_WARN_NON_LITERAL_NULL_CONVERSION = YES;
				CLANG_WARN_OBJC_IMPLICIT_RETAIN_SELF = YES;
				CLANG_WARN_OBJC_LITERAL_CONVERSION = YES;
				CLANG_WARN_OBJC_ROOT_CLASS = YES_ERROR;
				CLANG_WARN_RANGE_LOOP_ANALYSIS = YES;
				CLANG_WARN_STRICT_PROTOTYPES = YES;
				CLANG_WARN_SUSPICIOUS_MOVE = YES;
				CLANG_WARN_UNGUARDED_AVAILABILITY = YES_AGGRESSIVE;
				CLANG_WARN_UNREACHABLE_CODE = YES;
				CLANG_WARN__DUPLICATE_METHOD_MATCH = YES;
				CODE_SIGN_IDENTITY = "iPhone Developer";
				COPY_PHASE_STRIP = NO;
				DEBUG_INFORMATION_FORMAT = dwarf;
				ENABLE_STRICT_OBJC_MSGSEND = YES;
				ENABLE_TESTABILITY = YES;
				GCC_C_LANGUAGE_STANDARD = gnu11;
				GCC_DYNAMIC_NO_PIC = NO;
				GCC_NO_COMMON_BLOCKS = YES;
				GCC_OPTIMIZATION_LEVEL = 0;
				GCC_PREPROCESSOR_DEFINITIONS = (
					"DEBUG=1",
					"$(inherited)",
				);
				GCC_WARN_64_TO_32_BIT_CONVERSION = YES;
				GCC_WARN_ABOUT_RETURN_TYPE = YES_ERROR;
				GCC_WARN_UNDECLARED_SELECTOR = YES;
				GCC_WARN_UNINITIALIZED_AUTOS = YES_AGGRESSIVE;
				GCC_WARN_UNUSED_FUNCTION = YES;
				GCC_WARN_UNUSED_VARIABLE = YES;
				IPHONEOS_DEPLOYMENT_TARGET = 12.1;
				MTL_ENABLE_DEBUG_INFO = INCLUDE_SOURCE;
				MTL_FAST_MATH = YES;
				ONLY_ACTIVE_ARCH = YES;
				SDKROOT = iphoneos;
				SWIFT_ACTIVE_COMPILATION_CONDITIONS = DEBUG;
				SWIFT_OPTIMIZATION_LEVEL = "-Onone";
			};
			name = Debug;
		};
		C802A0C322D3210D00FF1741 /* Release */ = {
			isa = XCBuildConfiguration;
			buildSettings = {
				ALWAYS_SEARCH_USER_PATHS = NO;
				CLANG_ANALYZER_NONNULL = YES;
				CLANG_ANALYZER_NUMBER_OBJECT_CONVERSION = YES_AGGRESSIVE;
				CLANG_CXX_LANGUAGE_STANDARD = "gnu++14";
				CLANG_CXX_LIBRARY = "libc++";
				CLANG_ENABLE_MODULES = YES;
				CLANG_ENABLE_OBJC_ARC = YES;
				CLANG_ENABLE_OBJC_WEAK = YES;
				CLANG_WARN_BLOCK_CAPTURE_AUTORELEASING = YES;
				CLANG_WARN_BOOL_CONVERSION = YES;
				CLANG_WARN_COMMA = YES;
				CLANG_WARN_CONSTANT_CONVERSION = YES;
				CLANG_WARN_DEPRECATED_OBJC_IMPLEMENTATIONS = YES;
				CLANG_WARN_DIRECT_OBJC_ISA_USAGE = YES_ERROR;
				CLANG_WARN_DOCUMENTATION_COMMENTS = YES;
				CLANG_WARN_EMPTY_BODY = YES;
				CLANG_WARN_ENUM_CONVERSION = YES;
				CLANG_WARN_INFINITE_RECURSION = YES;
				CLANG_WARN_INT_CONVERSION = YES;
				CLANG_WARN_NON_LITERAL_NULL_CONVERSION = YES;
				CLANG_WARN_OBJC_IMPLICIT_RETAIN_SELF = YES;
				CLANG_WARN_OBJC_LITERAL_CONVERSION = YES;
				CLANG_WARN_OBJC_ROOT_CLASS = YES_ERROR;
				CLANG_WARN_RANGE_LOOP_ANALYSIS = YES;
				CLANG_WARN_STRICT_PROTOTYPES = YES;
				CLANG_WARN_SUSPICIOUS_MOVE = YES;
				CLANG_WARN_UNGUARDED_AVAILABILITY = YES_AGGRESSIVE;
				CLANG_WARN_UNREACHABLE_CODE = YES;
				CLANG_WARN__DUPLICATE_METHOD_MATCH = YES;
				CODE_SIGN_IDENTITY = "iPhone Developer";
				COPY_PHASE_STRIP = NO;
				DEBUG_INFORMATION_FORMAT = "dwarf-with-dsym";
				ENABLE_NS_ASSERTIONS = NO;
				ENABLE_STRICT_OBJC_MSGSEND = YES;
				GCC_C_LANGUAGE_STANDARD = gnu11;
				GCC_NO_COMMON_BLOCKS = YES;
				GCC_WARN_64_TO_32_BIT_CONVERSION = YES;
				GCC_WARN_ABOUT_RETURN_TYPE = YES_ERROR;
				GCC_WARN_UNDECLARED_SELECTOR = YES;
				GCC_WARN_UNINITIALIZED_AUTOS = YES_AGGRESSIVE;
				GCC_WARN_UNUSED_FUNCTION = YES;
				GCC_WARN_UNUSED_VARIABLE = YES;
				IPHONEOS_DEPLOYMENT_TARGET = 12.1;
				MTL_ENABLE_DEBUG_INFO = NO;
				MTL_FAST_MATH = YES;
				SDKROOT = iphoneos;
				SWIFT_COMPILATION_MODE = wholemodule;
				SWIFT_OPTIMIZATION_LEVEL = "-O";
				VALIDATE_PRODUCT = YES;
			};
			name = Release;
		};
		C802A0C522D3210D00FF1741 /* Debug */ = {
			isa = XCBuildConfiguration;
			baseConfigurationReference = 98C08D9BECBCC63BBF5F04C5 /* Pods-YayPay.debug.xcconfig */;
			buildSettings = {
				ASSETCATALOG_COMPILER_APPICON_NAME = AppIcon;
				CODE_SIGN_STYLE = Manual;
				DEVELOPMENT_TEAM = G34KQT9TPD;
				INFOPLIST_FILE = YayPay/Info.plist;
				LD_RUNPATH_SEARCH_PATHS = (
					"$(inherited)",
					"@executable_path/Frameworks",
				);
				PRODUCT_BUNDLE_IDENTIFIER = sa.YayPay;
				PRODUCT_NAME = "$(TARGET_NAME)";
				PROVISIONING_PROFILE_SPECIFIER = "SA Star";
				SWIFT_VERSION = 4.2;
				TARGETED_DEVICE_FAMILY = "1,2";
			};
			name = Debug;
		};
		C802A0C622D3210D00FF1741 /* Release */ = {
			isa = XCBuildConfiguration;
			baseConfigurationReference = 5014A67B8E71C12792E12108 /* Pods-YayPay.release.xcconfig */;
			buildSettings = {
				ASSETCATALOG_COMPILER_APPICON_NAME = AppIcon;
				CODE_SIGN_STYLE = Manual;
				DEVELOPMENT_TEAM = G34KQT9TPD;
				INFOPLIST_FILE = YayPay/Info.plist;
				LD_RUNPATH_SEARCH_PATHS = (
					"$(inherited)",
					"@executable_path/Frameworks",
				);
				PRODUCT_BUNDLE_IDENTIFIER = sa.YayPay;
				PRODUCT_NAME = "$(TARGET_NAME)";
				PROVISIONING_PROFILE_SPECIFIER = "SA Star";
				SWIFT_VERSION = 4.2;
				TARGETED_DEVICE_FAMILY = "1,2";
			};
			name = Release;
		};
/* End XCBuildConfiguration section */

/* Begin XCConfigurationList section */
		C802A0AD22D3210C00FF1741 /* Build configuration list for PBXProject "YayPay" */ = {
			isa = XCConfigurationList;
			buildConfigurations = (
				C802A0C222D3210D00FF1741 /* Debug */,
				C802A0C322D3210D00FF1741 /* Release */,
			);
			defaultConfigurationIsVisible = 0;
			defaultConfigurationName = Release;
		};
		C802A0C422D3210D00FF1741 /* Build configuration list for PBXNativeTarget "YayPay" */ = {
			isa = XCConfigurationList;
			buildConfigurations = (
				C802A0C522D3210D00FF1741 /* Debug */,
				C802A0C622D3210D00FF1741 /* Release */,
			);
			defaultConfigurationIsVisible = 0;
			defaultConfigurationName = Release;
		};
/* End XCConfigurationList section */
	};
	rootObject = C802A0AA22D3210C00FF1741 /* Project object */;
}
